// !$*UTF8*$!
{
	archiveVersion = 1;
	classes = {
	};
	objectVersion = 50;
	objects = {

/* Begin PBXBuildFile section */
		4022966121A8E7E900E4365F /* AppDelegate.swift in Sources */ = {isa = PBXBuildFile; fileRef = 4022966021A8E7E900E4365F /* AppDelegate.swift */; };
		4022966321A8E7E900E4365F /* ViewController.swift in Sources */ = {isa = PBXBuildFile; fileRef = 4022966221A8E7E900E4365F /* ViewController.swift */; };
		4022966621A8E7E900E4365F /* Main.storyboard in Resources */ = {isa = PBXBuildFile; fileRef = 4022966421A8E7E900E4365F /* Main.storyboard */; };
		4022966821A8E7EA00E4365F /* Assets.xcassets in Resources */ = {isa = PBXBuildFile; fileRef = 4022966721A8E7EA00E4365F /* Assets.xcassets */; };
		4022966B21A8E7EA00E4365F /* LaunchScreen.storyboard in Resources */ = {isa = PBXBuildFile; fileRef = 4022966921A8E7EA00E4365F /* LaunchScreen.storyboard */; };
		4022967321A8E90300E4365F /* TMTimeHandler.swift in Sources */ = {isa = PBXBuildFile; fileRef = 4022967221A8E90300E4365F /* TMTimeHandler.swift */; };
		40958C1021AC40130030EF4C /* BEMAnalogClock.framework in Frameworks */ = {isa = PBXBuildFile; fileRef = 40958C0F21AC40130030EF4C /* BEMAnalogClock.framework */; };
		40CD7F7921AA7C90005BC950 /* Pods_TimeManager.framework in Frameworks */ = {isa = PBXBuildFile; fileRef = 40CD7F7821AA7C90005BC950 /* Pods_TimeManager.framework */; };
/* End PBXBuildFile section */

/* Begin PBXFileReference section */
		4022965D21A8E7E900E4365F /* TimeManager.app */ = {isa = PBXFileReference; explicitFileType = wrapper.application; includeInIndex = 0; path = TimeManager.app; sourceTree = BUILT_PRODUCTS_DIR; };
		4022966021A8E7E900E4365F /* AppDelegate.swift */ = {isa = PBXFileReference; lastKnownFileType = sourcecode.swift; path = AppDelegate.swift; sourceTree = "<group>"; };
		4022966221A8E7E900E4365F /* ViewController.swift */ = {isa = PBXFileReference; lastKnownFileType = sourcecode.swift; path = ViewController.swift; sourceTree = "<group>"; };
		4022966521A8E7E900E4365F /* Base */ = {isa = PBXFileReference; lastKnownFileType = file.storyboard; name = Base; path = Base.lproj/Main.storyboard; sourceTree = "<group>"; };
		4022966721A8E7EA00E4365F /* Assets.xcassets */ = {isa = PBXFileReference; lastKnownFileType = folder.assetcatalog; path = Assets.xcassets; sourceTree = "<group>"; };
		4022966A21A8E7EA00E4365F /* Base */ = {isa = PBXFileReference; lastKnownFileType = file.storyboard; name = Base; path = Base.lproj/LaunchScreen.storyboard; sourceTree = "<group>"; };
		4022966C21A8E7EA00E4365F /* Info.plist */ = {isa = PBXFileReference; lastKnownFileType = text.plist.xml; path = Info.plist; sourceTree = "<group>"; };
		4022967221A8E90300E4365F /* TMTimeHandler.swift */ = {isa = PBXFileReference; lastKnownFileType = sourcecode.swift; path = TMTimeHandler.swift; sourceTree = "<group>"; };
		40958C0F21AC40130030EF4C /* BEMAnalogClock.framework */ = {isa = PBXFileReference; explicitFileType = wrapper.framework; path = BEMAnalogClock.framework; sourceTree = BUILT_PRODUCTS_DIR; };
		40CD7F7621AA7C4C005BC950 /* BEMAnalogClock.framework */ = {isa = PBXFileReference; explicitFileType = wrapper.framework; path = BEMAnalogClock.framework; sourceTree = BUILT_PRODUCTS_DIR; };
		40CD7F7821AA7C90005BC950 /* Pods_TimeManager.framework */ = {isa = PBXFileReference; explicitFileType = wrapper.framework; path = Pods_TimeManager.framework; sourceTree = BUILT_PRODUCTS_DIR; };
		7B67120CEF2C32DDF5744F4B /* Pods-TimeManager.release.xcconfig */ = {isa = PBXFileReference; includeInIndex = 1; lastKnownFileType = text.xcconfig; name = "Pods-TimeManager.release.xcconfig"; path = "Target Support Files/Pods-TimeManager/Pods-TimeManager.release.xcconfig"; sourceTree = "<group>"; };
		94B358900C71E5DC73A587F9 /* Pods_TimeManager.framework */ = {isa = PBXFileReference; explicitFileType = wrapper.framework; includeInIndex = 0; path = Pods_TimeManager.framework; sourceTree = BUILT_PRODUCTS_DIR; };
		AAECA1E9DEA7B16E4A4A2B63 /* Pods-TimeManager.debug.xcconfig */ = {isa = PBXFileReference; includeInIndex = 1; lastKnownFileType = text.xcconfig; name = "Pods-TimeManager.debug.xcconfig"; path = "Target Support Files/Pods-TimeManager/Pods-TimeManager.debug.xcconfig"; sourceTree = "<group>"; };
/* End PBXFileReference section */

/* Begin PBXFrameworksBuildPhase section */
		4022965A21A8E7E900E4365F /* Frameworks */ = {
			isa = PBXFrameworksBuildPhase;
			buildActionMask = 2147483647;
			files = (
				40958C1021AC40130030EF4C /* BEMAnalogClock.framework in Frameworks */,
				40CD7F7921AA7C90005BC950 /* Pods_TimeManager.framework in Frameworks */,
			);
			runOnlyForDeploymentPostprocessing = 0;
		};
/* End PBXFrameworksBuildPhase section */

/* Begin PBXGroup section */
		4022965421A8E7E900E4365F = {
			isa = PBXGroup;
			children = (
				4022965F21A8E7E900E4365F /* TimeManager */,
				4022965E21A8E7E900E4365F /* Products */,
				CA767744C4ABC0504B72F9BD /* Pods */,
				646ED0A49BF2490DB29DF39B /* Frameworks */,
			);
			sourceTree = "<group>";
		};
		4022965E21A8E7E900E4365F /* Products */ = {
			isa = PBXGroup;
			children = (
				4022965D21A8E7E900E4365F /* TimeManager.app */,
			);
			name = Products;
			sourceTree = "<group>";
		};
		4022965F21A8E7E900E4365F /* TimeManager */ = {
			isa = PBXGroup;
			children = (
				4022966021A8E7E900E4365F /* AppDelegate.swift */,
				4022966221A8E7E900E4365F /* ViewController.swift */,
				4022967221A8E90300E4365F /* TMTimeHandler.swift */,
				4022966421A8E7E900E4365F /* Main.storyboard */,
				4022966721A8E7EA00E4365F /* Assets.xcassets */,
				4022966921A8E7EA00E4365F /* LaunchScreen.storyboard */,
				4022966C21A8E7EA00E4365F /* Info.plist */,
			);
			path = TimeManager;
			sourceTree = "<group>";
		};
		646ED0A49BF2490DB29DF39B /* Frameworks */ = {
			isa = PBXGroup;
			children = (
				40958C0F21AC40130030EF4C /* BEMAnalogClock.framework */,
				40CD7F7821AA7C90005BC950 /* Pods_TimeManager.framework */,
				40CD7F7621AA7C4C005BC950 /* BEMAnalogClock.framework */,
				94B358900C71E5DC73A587F9 /* Pods_TimeManager.framework */,
			);
			name = Frameworks;
			sourceTree = "<group>";
		};
		CA767744C4ABC0504B72F9BD /* Pods */ = {
			isa = PBXGroup;
			children = (
				AAECA1E9DEA7B16E4A4A2B63 /* Pods-TimeManager.debug.xcconfig */,
				7B67120CEF2C32DDF5744F4B /* Pods-TimeManager.release.xcconfig */,
			);
			path = Pods;
			sourceTree = "<group>";
		};
/* End PBXGroup section */

/* Begin PBXNativeTarget section */
		4022965C21A8E7E900E4365F /* TimeManager */ = {
			isa = PBXNativeTarget;
			buildConfigurationList = 4022966F21A8E7EA00E4365F /* Build configuration list for PBXNativeTarget "TimeManager" */;
			buildPhases = (
				44FD92E5FBD1CEA1D8C1C767 /* [CP] Check Pods Manifest.lock */,
				4022965921A8E7E900E4365F /* Sources */,
				4022965A21A8E7E900E4365F /* Frameworks */,
				4022965B21A8E7E900E4365F /* Resources */,
				333650C51279D247FE5A1792 /* [CP] Embed Pods Frameworks */,
			);
			buildRules = (
			);
			dependencies = (
			);
			name = TimeManager;
			productName = TimeManager;
			productReference = 4022965D21A8E7E900E4365F /* TimeManager.app */;
			productType = "com.apple.product-type.application";
		};
/* End PBXNativeTarget section */

/* Begin PBXProject section */
		4022965521A8E7E900E4365F /* Project object */ = {
			isa = PBXProject;
			attributes = {
				LastSwiftUpdateCheck = 0940;
				LastUpgradeCheck = 0940;
				ORGANIZATIONNAME = "张英杰";
				TargetAttributes = {
					4022965C21A8E7E900E4365F = {
						CreatedOnToolsVersion = 9.4.1;
					};
				};
			};
			buildConfigurationList = 4022965821A8E7E900E4365F /* Build configuration list for PBXProject "TimeManager" */;
			compatibilityVersion = "Xcode 9.3";
			developmentRegion = en;
			hasScannedForEncodings = 0;
			knownRegions = (
				en,
				Base,
			);
			mainGroup = 4022965421A8E7E900E4365F;
			productRefGroup = 4022965E21A8E7E900E4365F /* Products */;
			projectDirPath = "";
			projectRoot = "";
			targets = (
				4022965C21A8E7E900E4365F /* TimeManager */,
			);
		};
/* End PBXProject section */

/* Begin PBXResourcesBuildPhase section */
		4022965B21A8E7E900E4365F /* Resources */ = {
			isa = PBXResourcesBuildPhase;
			buildActionMask = 2147483647;
			files = (
				4022966B21A8E7EA00E4365F /* LaunchScreen.storyboard in Resources */,
				4022966821A8E7EA00E4365F /* Assets.xcassets in Resources */,
				4022966621A8E7E900E4365F /* Main.storyboard in Resources */,
			);
			runOnlyForDeploymentPostprocessing = 0;
		};
/* End PBXResourcesBuildPhase section */

/* Begin PBXShellScriptBuildPhase section */
		333650C51279D247FE5A1792 /* [CP] Embed Pods Frameworks */ = {
			isa = PBXShellScriptBuildPhase;
			buildActionMask = 2147483647;
			files = (
			);
			inputPaths = (
				"${PODS_ROOT}/Target Support Files/Pods-TimeManager/Pods-TimeManager-frameworks.sh",
				"${BUILT_PRODUCTS_DIR}/BEMAnalogClock/BEMAnalogClock.framework",
			);
			name = "[CP] Embed Pods Frameworks";
			outputPaths = (
				"${TARGET_BUILD_DIR}/${FRAMEWORKS_FOLDER_PATH}/BEMAnalogClock.framework",
			);
			runOnlyForDeploymentPostprocessing = 0;
			shellPath = /bin/sh;
			shellScript = "\"${PODS_ROOT}/Target Support Files/Pods-TimeManager/Pods-TimeManager-frameworks.sh\"\n";
			showEnvVarsInLog = 0;
		};
		44FD92E5FBD1CEA1D8C1C767 /* [CP] Check Pods Manifest.lock */ = {
			isa = PBXShellScriptBuildPhase;
			buildActionMask = 2147483647;
			files = (
			);
			inputPaths = (
				"${PODS_PODFILE_DIR_PATH}/Podfile.lock",
				"${PODS_ROOT}/Manifest.lock",
			);
			name = "[CP] Check Pods Manifest.lock";
			outputPaths = (
				"$(DERIVED_FILE_DIR)/Pods-TimeManager-checkManifestLockResult.txt",
			);
			runOnlyForDeploymentPostprocessing = 0;
			shellPath = /bin/sh;
			shellScript = "diff \"${PODS_PODFILE_DIR_PATH}/Podfile.lock\" \"${PODS_ROOT}/Manifest.lock\" > /dev/null\nif [ $? != 0 ] ; then\n    # print error to STDERR\n    echo \"error: The sandbox is not in sync with the Podfile.lock. Run 'pod install' or update your CocoaPods installation.\" >&2\n    exit 1\nfi\n# This output is used by Xcode 'outputs' to avoid re-running this script phase.\necho \"SUCCESS\" > \"${SCRIPT_OUTPUT_FILE_0}\"\n";
			showEnvVarsInLog = 0;
		};
/* End PBXShellScriptBuildPhase section */

/* Begin PBXSourcesBuildPhase section */
		4022965921A8E7E900E4365F /* Sources */ = {
			isa = PBXSourcesBuildPhase;
			buildActionMask = 2147483647;
			files = (
				4022966321A8E7E900E4365F /* ViewController.swift in Sources */,
				4022967321A8E90300E4365F /* TMTimeHandler.swift in Sources */,
				4022966121A8E7E900E4365F /* AppDelegate.swift in Sources */,
			);
			runOnlyForDeploymentPostprocessing = 0;
		};
/* End PBXSourcesBuildPhase section */

/* Begin PBXVariantGroup section */
		4022966421A8E7E900E4365F /* Main.storyboard */ = {
			isa = PBXVariantGroup;
			children = (
				4022966521A8E7E900E4365F /* Base */,
			);
			name = Main.storyboard;
			sourceTree = "<group>";
		};
		4022966921A8E7EA00E4365F /* LaunchScreen.storyboard */ = {
			isa = PBXVariantGroup;
			children = (
				4022966A21A8E7EA00E4365F /* Base */,
			);
			name = LaunchScreen.storyboard;
			sourceTree = "<group>";
		};
/* End PBXVariantGroup section */

/* Begin XCBuildConfiguration section */
		4022966D21A8E7EA00E4365F /* Debug */ = {
			isa = XCBuildConfiguration;
			buildSettings = {
				ALWAYS_SEARCH_USER_PATHS = NO;
				CLANG_ANALYZER_NONNULL = YES;
				CLANG_ANALYZER_NUMBER_OBJECT_CONVERSION = YES_AGGRESSIVE;
				CLANG_CXX_LANGUAGE_STANDARD = "gnu++14";
				CLANG_CXX_LIBRARY = "libc++";
				CLANG_ENABLE_MODULES = YES;
				CLANG_ENABLE_OBJC_ARC = YES;
				CLANG_ENABLE_OBJC_WEAK = YES;
				CLANG_WARN_BLOCK_CAPTURE_AUTORELEASING = YES;
				CLANG_WARN_BOOL_CONVERSION = YES;
				CLANG_WARN_COMMA = YES;
				CLANG_WARN_CONSTANT_CONVERSION = YES;
				CLANG_WARN_DEPRECATED_OBJC_IMPLEMENTATIONS = YES;
				CLANG_WARN_DIRECT_OBJC_ISA_USAGE = YES_ERROR;
				CLANG_WARN_DOCUMENTATION_COMMENTS = YES;
				CLANG_WARN_EMPTY_BODY = YES;
				CLANG_WARN_ENUM_CONVERSION = YES;
				CLANG_WARN_INFINITE_RECURSION = YES;
				CLANG_WARN_INT_CONVERSION = YES;
				CLANG_WARN_NON_LITERAL_NULL_CONVERSION = YES;
				CLANG_WARN_OBJC_IMPLICIT_RETAIN_SELF = YES;
				CLANG_WARN_OBJC_LITERAL_CONVERSION = YES;
				CLANG_WARN_OBJC_ROOT_CLASS = YES_ERROR;
				CLANG_WARN_RANGE_LOOP_ANALYSIS = YES;
				CLANG_WARN_STRICT_PROTOTYPES = YES;
				CLANG_WARN_SUSPICIOUS_MOVE = YES;
				CLANG_WARN_UNGUARDED_AVAILABILITY = YES_AGGRESSIVE;
				CLANG_WARN_UNREACHABLE_CODE = YES;
				CLANG_WARN__DUPLICATE_METHOD_MATCH = YES;
				CODE_SIGN_IDENTITY = "iPhone Developer";
				COPY_PHASE_STRIP = NO;
				DEBUG_INFORMATION_FORMAT = dwarf;
				ENABLE_STRICT_OBJC_MSGSEND = YES;
				ENABLE_TESTABILITY = YES;
				GCC_C_LANGUAGE_STANDARD = gnu11;
				GCC_DYNAMIC_NO_PIC = NO;
				GCC_NO_COMMON_BLOCKS = YES;
				GCC_OPTIMIZATION_LEVEL = 0;
				GCC_PREPROCESSOR_DEFINITIONS = (
					"DEBUG=1",
					"$(inherited)",
				);
				GCC_WARN_64_TO_32_BIT_CONVERSION = YES;
				GCC_WARN_ABOUT_RETURN_TYPE = YES_ERROR;
				GCC_WARN_UNDECLARED_SELECTOR = YES;
				GCC_WARN_UNINITIALIZED_AUTOS = YES_AGGRESSIVE;
				GCC_WARN_UNUSED_FUNCTION = YES;
				GCC_WARN_UNUSED_VARIABLE = YES;
				IPHONEOS_DEPLOYMENT_TARGET = 11.4;
				MTL_ENABLE_DEBUG_INFO = YES;
				ONLY_ACTIVE_ARCH = YES;
				SDKROOT = iphoneos;
				SWIFT_ACTIVE_COMPILATION_CONDITIONS = DEBUG;
				SWIFT_OPTIMIZATION_LEVEL = "-Onone";
			};
			name = Debug;
		};
		4022966E21A8E7EA00E4365F /* Release */ = {
			isa = XCBuildConfiguration;
			buildSettings = {
				ALWAYS_SEARCH_USER_PATHS = NO;
				CLANG_ANALYZER_NONNULL = YES;
				CLANG_ANALYZER_NUMBER_OBJECT_CONVERSION = YES_AGGRESSIVE;
				CLANG_CXX_LANGUAGE_STANDARD = "gnu++14";
				CLANG_CXX_LIBRARY = "libc++";
				CLANG_ENABLE_MODULES = YES;
				CLANG_ENABLE_OBJC_ARC = YES;
				CLANG_ENABLE_OBJC_WEAK = YES;
				CLANG_WARN_BLOCK_CAPTURE_AUTORELEASING = YES;
				CLANG_WARN_BOOL_CONVERSION = YES;
				CLANG_WARN_COMMA = YES;
				CLANG_WARN_CONSTANT_CONVERSION = YES;
				CLANG_WARN_DEPRECATED_OBJC_IMPLEMENTATIONS = YES;
				CLANG_WARN_DIRECT_OBJC_ISA_USAGE = YES_ERROR;
				CLANG_WARN_DOCUMENTATION_COMMENTS = YES;
				CLANG_WARN_EMPTY_BODY = YES;
				CLANG_WARN_ENUM_CONVERSION = YES;
				CLANG_WARN_INFINITE_RECURSION = YES;
				CLANG_WARN_INT_CONVERSION = YES;
				CLANG_WARN_NON_LITERAL_NULL_CONVERSION = YES;
				CLANG_WARN_OBJC_IMPLICIT_RETAIN_SELF = YES;
				CLANG_WARN_OBJC_LITERAL_CONVERSION = YES;
				CLANG_WARN_OBJC_ROOT_CLASS = YES_ERROR;
				CLANG_WARN_RANGE_LOOP_ANALYSIS = YES;
				CLANG_WARN_STRICT_PROTOTYPES = YES;
				CLANG_WARN_SUSPICIOUS_MOVE = YES;
				CLANG_WARN_UNGUARDED_AVAILABILITY = YES_AGGRESSIVE;
				CLANG_WARN_UNREACHABLE_CODE = YES;
				CLANG_WARN__DUPLICATE_METHOD_MATCH = YES;
				CODE_SIGN_IDENTITY = "iPhone Developer";
				COPY_PHASE_STRIP = NO;
				DEBUG_INFORMATION_FORMAT = "dwarf-with-dsym";
				ENABLE_NS_ASSERTIONS = NO;
				ENABLE_STRICT_OBJC_MSGSEND = YES;
				GCC_C_LANGUAGE_STANDARD = gnu11;
				GCC_NO_COMMON_BLOCKS = YES;
				GCC_WARN_64_TO_32_BIT_CONVERSION = YES;
				GCC_WARN_ABOUT_RETURN_TYPE = YES_ERROR;
				GCC_WARN_UNDECLARED_SELECTOR = YES;
				GCC_WARN_UNINITIALIZED_AUTOS = YES_AGGRESSIVE;
				GCC_WARN_UNUSED_FUNCTION = YES;
				GCC_WARN_UNUSED_VARIABLE = YES;
				IPHONEOS_DEPLOYMENT_TARGET = 11.4;
				MTL_ENABLE_DEBUG_INFO = NO;
				SDKROOT = iphoneos;
				SWIFT_COMPILATION_MODE = wholemodule;
				SWIFT_OPTIMIZATION_LEVEL = "-O";
				VALIDATE_PRODUCT = YES;
			};
			name = Release;
		};
		4022967021A8E7EA00E4365F /* Debug */ = {
			isa = XCBuildConfiguration;
			baseConfigurationReference = AAECA1E9DEA7B16E4A4A2B63 /* Pods-TimeManager.debug.xcconfig */;
			buildSettings = {
				ASSETCATALOG_COMPILER_APPICON_NAME = AppIcon;
				CODE_SIGN_STYLE = Automatic;
				DEVELOPMENT_TEAM = 8R3Q6XY92M;
				FRAMEWORK_SEARCH_PATHS = (
					"$(inherited)",
					"\"${PODS_CONFIGURATION_BUILD_DIR}/BEMAnalogClock\"",
					"$(SRCROOT)",
				);
				INFOPLIST_FILE = TimeManager/Info.plist;
				IPHONEOS_DEPLOYMENT_TARGET = 10.0;
				LD_RUNPATH_SEARCH_PATHS = (
					"$(inherited)",
					"@executable_path/Frameworks",
				);
				ONLY_ACTIVE_ARCH = YES;
				PRODUCT_BUNDLE_IDENTIFIER = com.feifei.TimeManager;
				PRODUCT_NAME = "$(TARGET_NAME)";
				SWIFT_VERSION = 4.0;
				TARGETED_DEVICE_FAMILY = "1,2";
			};
			name = Debug;
		};
		4022967121A8E7EA00E4365F /* Release */ = {
			isa = XCBuildConfiguration;
			baseConfigurationReference = 7B67120CEF2C32DDF5744F4B /* Pods-TimeManager.release.xcconfig */;
			buildSettings = {
				ASSETCATALOG_COMPILER_APPICON_NAME = AppIcon;
				CODE_SIGN_STYLE = Automatic;
				DEVELOPMENT_TEAM = 8R3Q6XY92M;
				FRAMEWORK_SEARCH_PATHS = (
					"$(inherited)",
					"\"${PODS_CONFIGURATION_BUILD_DIR}/BEMAnalogClock\"",
					"$(SRCROOT)",
				);
				INFOPLIST_FILE = TimeManager/Info.plist;
				IPHONEOS_DEPLOYMENT_TARGET = 10.0;
				LD_RUNPATH_SEARCH_PATHS = (
					"$(inherited)",
					"@executable_path/Frameworks",
				);
				ONLY_ACTIVE_ARCH = NO;
				PRODUCT_BUNDLE_IDENTIFIER = com.feifei.TimeManager;
				PRODUCT_NAME = "$(TARGET_NAME)";
				SWIFT_VERSION = 4.0;
				TARGETED_DEVICE_FAMILY = "1,2";
			};
			name = Release;
		};
/* End XCBuildConfiguration section */

/* Begin XCConfigurationList section */
		4022965821A8E7E900E4365F /* Build configuration list for PBXProject "TimeManager" */ = {
			isa = XCConfigurationList;
			buildConfigurations = (
				4022966D21A8E7EA00E4365F /* Debug */,
				4022966E21A8E7EA00E4365F /* Release */,
			);
			defaultConfigurationIsVisible = 0;
			defaultConfigurationName = Release;
		};
		4022966F21A8E7EA00E4365F /* Build configuration list for PBXNativeTarget "TimeManager" */ = {
			isa = XCConfigurationList;
			buildConfigurations = (
				4022967021A8E7EA00E4365F /* Debug */,
				4022967121A8E7EA00E4365F /* Release */,
			);
			defaultConfigurationIsVisible = 0;
			defaultConfigurationName = Release;
		};
/* End XCConfigurationList section */
	};
	rootObject = 4022965521A8E7E900E4365F /* Project object */;
}
